
Microsoft Visual Studio Solution File, Format Version 12.00
# Visual Studio Version 16
VisualStudioVersion = 16.0.30621.155
MinimumVisualStudioVersion = 10.0.40219.1
Project("{8BC9CEB8-8B4A-11D0-8D11-00A0C91BC942}") = "Game", "Game\Game.vcxproj", "{848A30FC-A4D3-47ED-ADBA-0DE82168B542}"
EndProject
Global
	GlobalSection(SolutionConfigurationPlatforms) = preSolution
		Debug|x64 = Debug|x64
		Debug|x86 = Debug|x86
		Release|x64 = Release|x64
		Release|x86 = Release|x86
	EndGlobalSection
	GlobalSection(ProjectConfigurationPlatforms) = postSolution
		{848A30FC-A4D3-47ED-ADBA-0DE82168B542}.Debug|x64.ActiveCfg = Debug|x64
		{848A30FC-A4D3-47ED-ADBA-0DE82168B542}.Debug|x64.Build.0 = Debug|x64
		{848A30FC-A4D3-47ED-ADBA-0DE82168B542}.Debug|x86.ActiveCfg = Debug|Win32
		{848A30FC-A4D3-47ED-ADBA-0DE82168B542}.Debug|x86.Build.0 = Debug|Win32
		{848A30FC-A4D3-47ED-ADBA-0DE82168B542}.Release|x64.ActiveCfg = Release|x64
		{848A30FC-A4D3-47ED-ADBA-0DE82168B542}.Release|x64.Build.0 = Release|x64
		{848A30FC-A4D3-47ED-ADBA-0DE82168B542}.Release|x86.ActiveCfg = Release|Win32
		{848A30FC-A4D3-47ED-ADBA-0DE82168B542}.Release|x86.Build.0 = Release|Win32
	EndGlobalSection
	GlobalSection(SolutionProperties) = preSolution
		HideSolutionNode = FALSE
	EndGlobalSection
	GlobalSection(ExtensibilityGlobals) = postSolution
		SolutionGuid = {158EF15F-1DD0-45F6-9ACB-8226BCA0BEAE}
	EndGlobalSection
EndGlobal
